<?xml version="1.0" encoding="utf-8"?>
<Project ToolsVersion="4.0" xmlns="http://schemas.microsoft.com/developer/msbuild/2003">
  <ItemGroup>
    <Filter Include="Source Files">
      <UniqueIdentifier>{4FC737F1-C7A5-4376-A066-2A32D752A2FF}</UniqueIdentifier>
      <Extensions>cpp;c;cc;cxx;def;odl;idl;hpj;bat;asm;asmx</Extensions>
    </Filter>
    <Filter Include="Header Files">
      <UniqueIdentifier>{93995380-89BD-4b04-88EB-625FBE52EBFB}</UniqueIdentifier>
      <Extensions>h;hpp;hxx;hm;inl;inc;xsd</Extensions>
    </Filter>
    <Filter Include="Shader">
      <UniqueIdentifier>{67DA6AB6-F800-4c08-8B7A-83BB121AAD01}</UniqueIdentifier>
      <Extensions>rc;ico;cur;bmp;dlg;rc2;rct;bin;rgs;gif;jpg;jpeg;jpe;resx;tiff;tif;png;wav;mfcribbon-ms</Extensions>
    </Filter>
    <Filter Include="Header Files\Camera">
      <UniqueIdentifier>{09b58164-76d5-44fa-a1d3-952cf934d7f1}</UniqueIdentifier>
    </Filter>
    <Filter Include="Source Files\Camera">
      <UniqueIdentifier>{7ef54351-b2a5-48c6-9fb2-863cc75b953b}</UniqueIdentifier>
    </Filter>
    <Filter Include="Source Files\Mesh related">
      <UniqueIdentifier>{30a609d6-9063-4d04-b38f-f4e33c32ec4c}</UniqueIdentifier>
    </Filter>
    <Filter Include="Header Files\Mesh related">
      <UniqueIdentifier>{ac4d6580-cbfe-4fb0-83ca-b3fcbe72a634}</UniqueIdentifier>
    </Filter>
    <Filter Include="Object">
      <UniqueIdentifier>{ffec95c5-a36e-4c5a-b5f2-f8e349644e52}</UniqueIdentifier>
    </Filter>
    <Filter Include="GameState">
      <UniqueIdentifier>{7973c37e-db97-48da-bf6f-406dc9f0972c}</UniqueIdentifier>
    </Filter>
    <Filter Include="Scene">
      <UniqueIdentifier>{7b50d4ba-d55c-450c-9676-6cfbc710501c}</UniqueIdentifier>
    </Filter>
    <Filter Include="GameState\States">
      <UniqueIdentifier>{a9a44366-c5af-4300-93bc-625cd16f776a}</UniqueIdentifier>
    </Filter>
    <Filter Include="SceneGraph">
      <UniqueIdentifier>{9ceec25c-5d4d-454f-a508-719290e75e3c}</UniqueIdentifier>
    </Filter>
    <Filter Include="Character">
      <UniqueIdentifier>{1da13837-c2e3-4cbe-b71c-b2412ebf024d}</UniqueIdentifier>
    </Filter>
    <Filter Include="Spatial Partition">
      <UniqueIdentifier>{6d1c8309-149c-4a14-ac6c-c898f745cdec}</UniqueIdentifier>
    </Filter>
    <Filter Include="Projectile">
      <UniqueIdentifier>{9858a634-880c-4c64-93e5-cea65adc4ac6}</UniqueIdentifier>
    </Filter>
    <Filter Include="MenuManager">
      <UniqueIdentifier>{f1b45ecb-10d8-4852-800c-7720af394189}</UniqueIdentifier>
    </Filter>
    <Filter Include="MenuManager\Menus">
      <UniqueIdentifier>{a830c8eb-4a51-4dfa-bb78-ffada7d6fa5f}</UniqueIdentifier>
    </Filter>
    <Filter Include="Lua Wrapper">
      <UniqueIdentifier>{349e58f9-1fb2-4b8f-9856-1fe949a06dc8}</UniqueIdentifier>
    </Filter>
    <Filter Include="LevelOfDetail">
      <UniqueIdentifier>{92e68907-4d6e-4a34-9692-650ca63c9a61}</UniqueIdentifier>
    </Filter>
  </ItemGroup>
  <ItemGroup>
    <ClCompile Include="Source\Application.cpp">
      <Filter>Source Files</Filter>
    </ClCompile>
    <ClCompile Include="Source\main.cpp">
      <Filter>Source Files</Filter>
    </ClCompile>
    <ClCompile Include="Source\shader.cpp">
      <Filter>Source Files</Filter>
    </ClCompile>
    <ClCompile Include="Source\Utility.cpp">
      <Filter>Source Files</Filter>
    </ClCompile>
    <ClCompile Include="Source\Obj.cpp">
      <Filter>Source Files</Filter>
    </ClCompile>
    <ClCompile Include="Source\Camera.cpp">
      <Filter>Source Files\Camera</Filter>
    </ClCompile>
    <ClCompile Include="Source\Camera3.cpp">
      <Filter>Source Files\Camera</Filter>
    </ClCompile>
    <ClCompile Include="Source\Camera2.cpp">
      <Filter>Source Files\Camera</Filter>
    </ClCompile>
    <ClCompile Include="Source\Mesh.cpp">
      <Filter>Source Files\Mesh related</Filter>
    </ClCompile>
    <ClCompile Include="Source\MeshBuilder.cpp">
      <Filter>Source Files\Mesh related</Filter>
    </ClCompile>
    <ClCompile Include="Source\LoadTGA.cpp">
      <Filter>Source Files\Mesh related</Filter>
    </ClCompile>
    <ClCompile Include="Source\LoadOBJ.cpp">
      <Filter>Source Files\Mesh related</Filter>
    </ClCompile>
    <ClCompile Include="Source\LoadHmap.cpp">
      <Filter>Source Files</Filter>
    </ClCompile>
    <ClCompile Include="Source\SpriteAnimation.cpp">
      <Filter>Source Files</Filter>
    </ClCompile>
    <ClCompile Include="Source\Minimap.cpp">
      <Filter>Source Files</Filter>
    </ClCompile>
    <ClCompile Include="Source\SceneBase.cpp">
      <Filter>Source Files</Filter>
    </ClCompile>
    <ClCompile Include="Source\Target.cpp">
      <Filter>Source Files</Filter>
    </ClCompile>
    <ClCompile Include="Source\AmmoCrate.cpp">
      <Filter>Source Files</Filter>
    </ClCompile>
    <ClCompile Include="Source\Entity.cpp">
      <Filter>Source Files</Filter>
    </ClCompile>
    <ClCompile Include="Source\Object\Collider.cpp">
      <Filter>Object</Filter>
    </ClCompile>
    <ClCompile Include="Source\Object\GameObject.cpp">
      <Filter>Object</Filter>
    </ClCompile>
    <ClCompile Include="Source\Object\Object.cpp">
      <Filter>Object</Filter>
    </ClCompile>
    <ClCompile Include="Source\Object\Transform.cpp">
      <Filter>Object</Filter>
    </ClCompile>
    <ClCompile Include="Source\GameStateManager\GameStateManager.cpp">
      <Filter>GameState</Filter>
    </ClCompile>
    <ClCompile Include="Source\State\GameState.cpp">
      <Filter>GameState\States</Filter>
    </ClCompile>
    <ClCompile Include="Source\State\PlayState.cpp">
      <Filter>GameState\States</Filter>
    </ClCompile>
    <ClCompile Include="Source\Scene\AGDev_Assign01.cpp">
      <Filter>Scene</Filter>
    </ClCompile>
    <ClCompile Include="Source\SceneGraph\SceneNode.cpp">
      <Filter>SceneGraph</Filter>
    </ClCompile>
    <ClCompile Include="Source\Character\FirstPerson.cpp">
      <Filter>Character</Filter>
    </ClCompile>
    <ClCompile Include="Source\Character\ThirdPerson.cpp">
      <Filter>Character</Filter>
    </ClCompile>
    <ClCompile Include="Source\SpatialPartition\Grid.cpp">
      <Filter>Spatial Partition</Filter>
    </ClCompile>
    <ClCompile Include="Source\SpatialPartition\SpatialPartition.cpp">
      <Filter>Spatial Partition</Filter>
    </ClCompile>
    <ClCompile Include="Source\Projectile\Projectile.cpp">
      <Filter>Projectile</Filter>
    </ClCompile>
    <ClCompile Include="Source\MenuManager\MenuManager.cpp">
      <Filter>MenuManager</Filter>
    </ClCompile>
    <ClCompile Include="Source\MenuManager\UIButton.cpp">
      <Filter>MenuManager</Filter>
    </ClCompile>
    <ClCompile Include="Source\Scene\Template_Scene.cpp">
      <Filter>Scene</Filter>
    </ClCompile>
    <ClCompile Include="Source\Scene\SceneMainMenu.cpp">
      <Filter>Scene</Filter>
    </ClCompile>
    <ClCompile Include="Source\State\TemplateState.cpp">
      <Filter>GameState\States</Filter>
    </ClCompile>
    <ClCompile Include="Source\State\MainMenuState.cpp">
      <Filter>GameState\States</Filter>
    </ClCompile>
    <ClCompile Include="Source\MenuManager\Menu.cpp">
      <Filter>MenuManager</Filter>
    </ClCompile>
    <ClCompile Include="Source\MenuManager\MainMenu.cpp">
      <Filter>MenuManager\Menus</Filter>
    </ClCompile>
    <ClCompile Include="Source\State\CreditsState.cpp">
      <Filter>GameState\States</Filter>
    </ClCompile>
    <ClCompile Include="Source\State\InstructionsState.cpp">
      <Filter>GameState\States</Filter>
    </ClCompile>
    <ClCompile Include="Source\MenuManager\Credits.cpp">
      <Filter>MenuManager\Menus</Filter>
    </ClCompile>
    <ClCompile Include="Source\MenuManager\Instructions.cpp">
      <Filter>MenuManager\Menus</Filter>
    </ClCompile>
    <ClCompile Include="Source\Scene\SceneCredits.cpp">
      <Filter>Scene</Filter>
    </ClCompile>
    <ClCompile Include="Source\Scene\SceneInstructions.cpp">
      <Filter>Scene</Filter>
    </ClCompile>
    <ClCompile Include="Source\Scene\SceneOptions.cpp">
      <Filter>Scene</Filter>
    </ClCompile>
    <ClCompile Include="Source\MenuManager\Options.cpp">
      <Filter>MenuManager\Menus</Filter>
    </ClCompile>
    <ClCompile Include="Source\State\OptionsState.cpp">
      <Filter>GameState\States</Filter>
    </ClCompile>
    <ClCompile Include="Source\Lua_Wrapper\Lua_Wrapper.cpp">
      <Filter>Lua Wrapper</Filter>
    </ClCompile>
    <ClCompile Include="Source\LevelOfDetail\LevelOfDetail.cpp">
      <Filter>LevelOfDetail</Filter>
    </ClCompile>
  </ItemGroup>
  <ItemGroup>
    <ClInclude Include="Source\Application.h">
      <Filter>Header Files</Filter>
    </ClInclude>
    <ClInclude Include="Source\Scene.h">
      <Filter>Header Files</Filter>
    </ClInclude>
    <ClInclude Include="Source\Geometry.h">
      <Filter>Header Files</Filter>
    </ClInclude>
    <ClInclude Include="Source\shader.hpp">
      <Filter>Header Files</Filter>
    </ClInclude>
    <ClInclude Include="Source\Vertex.h">
      <Filter>Header Files</Filter>
    </ClInclude>
    <ClInclude Include="Source\Light.h">
      <Filter>Header Files</Filter>
    </ClInclude>
    <ClInclude Include="Source\Utility.h">
      <Filter>Header Files</Filter>
    </ClInclude>
    <ClInclude Include="Source\Obj.h">
      <Filter>Header Files</Filter>
    </ClInclude>
    <ClInclude Include="Source\Camera.h">
      <Filter>Header Files\Camera</Filter>
    </ClInclude>
    <ClInclude Include="Source\Camera3.h">
      <Filter>Header Files\Camera</Filter>
    </ClInclude>
    <ClInclude Include="Source\Camera2.h">
      <Filter>Header Files\Camera</Filter>
    </ClInclude>
    <ClInclude Include="Source\LoadOBJ.h">
      <Filter>Header Files\Mesh related</Filter>
    </ClInclude>
    <ClInclude Include="Source\LoadTGA.h">
      <Filter>Header Files\Mesh related</Filter>
    </ClInclude>
    <ClInclude Include="Source\MeshBuilder.h">
      <Filter>Header Files\Mesh related</Filter>
    </ClInclude>
    <ClInclude Include="Source\Material.h">
      <Filter>Header Files\Mesh related</Filter>
    </ClInclude>
    <ClInclude Include="Source\Mesh.h">
      <Filter>Header Files\Mesh related</Filter>
    </ClInclude>
    <ClInclude Include="Source\LoadHmap.h">
      <Filter>Header Files</Filter>
    </ClInclude>
    <ClInclude Include="Source\SpriteAnimation.h">
      <Filter>Header Files</Filter>
    </ClInclude>
    <ClInclude Include="Source\Minimap.h">
      <Filter>Header Files</Filter>
    </ClInclude>
    <ClInclude Include="Source\SceneBase.h">
      <Filter>Header Files</Filter>
    </ClInclude>
    <ClInclude Include="Source\Target.h">
      <Filter>Header Files</Filter>
    </ClInclude>
    <ClInclude Include="Source\AmmoCrate.h">
      <Filter>Header Files</Filter>
    </ClInclude>
    <ClInclude Include="Source\Entity.h">
      <Filter>Header Files</Filter>
    </ClInclude>
    <ClInclude Include="Source\Object\Collider.h">
      <Filter>Object</Filter>
    </ClInclude>
    <ClInclude Include="Source\Object\GameObject.h">
      <Filter>Object</Filter>
    </ClInclude>
    <ClInclude Include="Source\Object\Object.h">
      <Filter>Object</Filter>
    </ClInclude>
    <ClInclude Include="Source\Object\Transform.h">
      <Filter>Object</Filter>
    </ClInclude>
    <ClInclude Include="Source\GameStateManager\GameStateManager.h">
      <Filter>GameState</Filter>
    </ClInclude>
    <ClInclude Include="Source\State\GameState.h">
      <Filter>GameState\States</Filter>
    </ClInclude>
    <ClInclude Include="Source\State\PlayState.h">
      <Filter>GameState\States</Filter>
    </ClInclude>
    <ClInclude Include="Source\Scene\AGDev_Assign01.h">
      <Filter>Scene</Filter>
    </ClInclude>
    <ClInclude Include="Source\SceneGraph\SceneNode.h">
      <Filter>SceneGraph</Filter>
    </ClInclude>
    <ClInclude Include="Source\Character\FirstPerson.h">
      <Filter>Character</Filter>
    </ClInclude>
    <ClInclude Include="Source\Character\ThirdPerson.h">
      <Filter>Character</Filter>
    </ClInclude>
    <ClInclude Include="Source\SpatialPartition\Grid.h">
      <Filter>Spatial Partition</Filter>
    </ClInclude>
    <ClInclude Include="Source\SpatialPartition\SpatialPartition.h">
      <Filter>Spatial Partition</Filter>
    </ClInclude>
    <ClInclude Include="Source\Projectile\Projectile.h">
      <Filter>Projectile</Filter>
    </ClInclude>
    <ClInclude Include="Source\MenuManager\MenuManager.h">
      <Filter>MenuManager</Filter>
    </ClInclude>
    <ClInclude Include="Source\MenuManager\UIButton.h">
      <Filter>MenuManager</Filter>
    </ClInclude>
    <ClInclude Include="Source\Scene\Template_Scene.h">
      <Filter>Scene</Filter>
    </ClInclude>
    <ClInclude Include="Source\Scene\SceneMainMenu.h">
      <Filter>Scene</Filter>
    </ClInclude>
    <ClInclude Include="Source\State\TemplateState.h">
      <Filter>GameState\States</Filter>
    </ClInclude>
    <ClInclude Include="Source\State\MainMenuState.h">
      <Filter>GameState\States</Filter>
    </ClInclude>
    <ClInclude Include="Source\MenuManager\Menu.h">
      <Filter>MenuManager</Filter>
    </ClInclude>
    <ClInclude Include="Source\MenuManager\MainMenu.h">
      <Filter>MenuManager\Menus</Filter>
    </ClInclude>
    <ClInclude Include="Source\State\CreditsState.h">
      <Filter>GameState\States</Filter>
    </ClInclude>
    <ClInclude Include="Source\State\InstructionsState.h">
      <Filter>GameState\States</Filter>
    </ClInclude>
    <ClInclude Include="Source\MenuManager\Credits.h">
      <Filter>MenuManager\Menus</Filter>
    </ClInclude>
    <ClInclude Include="Source\MenuManager\Instructions.h">
      <Filter>MenuManager\Menus</Filter>
    </ClInclude>
    <ClInclude Include="Source\Scene\SceneCredits.h">
      <Filter>Scene</Filter>
    </ClInclude>
    <ClInclude Include="Source\Scene\SceneInstructions.h">
      <Filter>Scene</Filter>
    </ClInclude>
    <ClInclude Include="Source\Scene\SceneOptions.h">
      <Filter>Scene</Filter>
    </ClInclude>
    <ClInclude Include="Source\MenuManager\Options.h">
      <Filter>MenuManager\Menus</Filter>
    </ClInclude>
    <ClInclude Include="Source\State\OptionsState.h">
      <Filter>GameState\States</Filter>
    </ClInclude>
    <ClInclude Include="Source\Lua_Wrapper\Lua_Wrapper.h">
      <Filter>Lua Wrapper</Filter>
    </ClInclude>
    <ClInclude Include="Source\LevelOfDetail\LevelOfDetail.h">
      <Filter>LevelOfDetail</Filter>
    </ClInclude>
  </ItemGroup>
</Project>